# Python 3.11 Windows x64 embedded-runtime wheels.
# Format: distribution|filename|url|sha256
annotated-types|annotated_types-0.7.0-py3-none-any.whl|https://files.pythonhosted.org/packages/78/b6/6307fbef88d9b5ee7421e68d78a9f162e0da4900bc5f5793f6d3d0e34fb8/annotated_types-0.7.0-py3-none-any.whl|1f02e8b43a8fbbc3f3e0d4f0f4bfc8131bcb4eebe8849b8e5c773f3a1c582a53
anyio|anyio-4.14.2-py3-none-any.whl|https://files.pythonhosted.org/packages/da/35/f2287558c17e29fafc8ef3daf819bb9834061cfa43bff8014f7df7f63bdc/anyio-4.14.2-py3-none-any.whl|9f505dda5ac9f0c8309b5e8bd445a8c2bf7246f3ce950121e45ea15bc41d1494
cffi|cffi-2.1.0-cp311-cp311-win_amd64.whl|https://files.pythonhosted.org/packages/f9/c8/6c2de1d55cf35ef8b92885d5ef280790f0fb9634d87ea1cc315176aecd61/cffi-2.1.0-cp311-cp311-win_amd64.whl|4f26194e3d95e06501b942642855aed4f953d55e95d7d01b7c4483db3ecff458
click|click-8.4.2-py3-none-any.whl|https://files.pythonhosted.org/packages/fb/e2/79c688af8b210d232694e31e59da9f6ec747bae31c3f5946e4e9b98860d5/click-8.4.2-py3-none-any.whl|e6f9f66136c816745b9d65817da91d61d957fb16e02e4dcd0552553c5a197b76
colorama|colorama-0.4.6-py2.py3-none-any.whl|https://files.pythonhosted.org/packages/d1/d6/3965ed04c63042e047cb6a3e6ed1a63a35087b6a609aa3a15ed8ac56c221/colorama-0.4.6-py2.py3-none-any.whl|4f1d9991f5acc0ca119f9d443620b77f9d6b33703e51011c16baf57afb285fc6
cryptography|cryptography-44.0.2-cp39-abi3-win_amd64.whl|https://files.pythonhosted.org/packages/33/cf/1f7649b8b9a3543e042d3f348e398a061923ac05b507f3f4d95f11938aa9/cryptography-44.0.2-cp39-abi3-win_amd64.whl|5f6f90b72d8ccadb9c6e311c775c8305381db88374c65fa1a68250aa8a9cb3a6
et-xmlfile|et_xmlfile-2.0.0-py3-none-any.whl|https://files.pythonhosted.org/packages/c1/8b/5fe2cc11fee489817272089c4203e679c63b570a5aaeb18d852ae3cbba6a/et_xmlfile-2.0.0-py3-none-any.whl|7a91720bc756843502c3b7504c77b8fe44217c85c537d85037f0f536151b2caa
ezdxf|ezdxf-1.3.5-cp311-cp311-win_amd64.whl|https://files.pythonhosted.org/packages/b4/3c/c09018d1780bf51ede315789b9a6817c7530dbd41cb38af487ffaf73ad11/ezdxf-1.3.5-cp311-cp311-win_amd64.whl|1113554bc3f24c31a4220c7415e6d0e6d3ae4206ac478398a4da4cba30ab4dea
fastapi|fastapi-0.115.12-py3-none-any.whl|https://files.pythonhosted.org/packages/50/b3/b51f09c2ba432a576fe63758bddc81f78f0c6309d9e5c10d194313bf021e/fastapi-0.115.12-py3-none-any.whl|e94613d6c05e27be7ffebdd6ea5f388112e5e430c8f7d6494a9d1d88d43e814d
fonttools|fonttools-4.63.0-cp311-cp311-win_amd64.whl|https://files.pythonhosted.org/packages/08/60/defa5e69641db890a63be281f41345f4c33b157824eaf0b9fad3e08b0dcb/fonttools-4.63.0-cp311-cp311-win_amd64.whl|063e08bd17bd5a90127a14123de0d6a952dbc847695fd98b63c043d58057f90c
h11|h11-0.16.0-py3-none-any.whl|https://files.pythonhosted.org/packages/04/4b/29cac41a4d98d144bf5f6d33995617b185d14b22401f75ca86f384e87ff1/h11-0.16.0-py3-none-any.whl|63cf8bbe7522de3bf65932fda1d9c2772064ffb3dae62d55932da54b31cb6c86
idna|idna-3.18-py3-none-any.whl|https://files.pythonhosted.org/packages/1e/5e/d4e9f1a599fb8e573b7b87160658329fbf28d19eac2718f51fc3def3aa5a/idna-3.18-py3-none-any.whl|7f952cbe720b688055e3f87de14f5c3e5fdaa8bc3928985c4077ca689de849a2
numpy|numpy-2.4.6-cp311-cp311-win_amd64.whl|https://files.pythonhosted.org/packages/c5/31/7fc6239c12bce7e931463251cca4426c465e1876ba3cc785402ef4dd8f4e/numpy-2.4.6-cp311-cp311-win_amd64.whl|1e254a00cdf42b1e4d5b3d68d33af63268d41340d8885df2ab6470f2e1500147
openpyxl|openpyxl-3.1.5-py2.py3-none-any.whl|https://files.pythonhosted.org/packages/c0/da/977ded879c29cbd04de313843e76868e6e13408a94ed6b987245dc7c8506/openpyxl-3.1.5-py2.py3-none-any.whl|5282c12b107bffeef825f4617dc029afaf41d0ea60823bbb665ef3079dc79de2
pillow|pillow-11.3.0-cp311-cp311-win_amd64.whl|https://files.pythonhosted.org/packages/f1/cc/29c0f5d64ab8eae20f3232da8f8571660aa0ab4b8f1331da5c2f5f9a938e/pillow-11.3.0-cp311-cp311-win_amd64.whl|1a992e86b0dd7aeb1f053cd506508c0999d710a8f07b4c791c63843fc6a807ac
pycparser|pycparser-3.0-py3-none-any.whl|https://files.pythonhosted.org/packages/0c/c3/44f3fbbfa403ea2a7c779186dc20772604442dde72947e7d01069cbe98e3/pycparser-3.0-py3-none-any.whl|b727414169a36b7d524c1c3e31839a521725078d7b2ff038656844266160a992
pydantic|pydantic-2.11.3-py3-none-any.whl|https://files.pythonhosted.org/packages/b0/1d/407b29780a289868ed696d1616f4aad49d6388e5a77f567dcd2629dcd7b8/pydantic-2.11.3-py3-none-any.whl|a082753436a07f9ba1289c6ffa01cd93db3548776088aa917cc43b63f68fa60f
pydantic_core|pydantic_core-2.33.1-cp311-cp311-win_amd64.whl|https://files.pythonhosted.org/packages/33/cd/7ab70b99e5e21559f5de38a0928ea84e6f23fdef2b0d16a6feaf942b003c/pydantic_core-2.33.1-cp311-cp311-win_amd64.whl|2ea62419ba8c397e7da28a9170a16219d310d2cf4970dbc65c32faf20d828c83
python-multipart|python_multipart-0.0.20-py3-none-any.whl|https://files.pythonhosted.org/packages/45/58/38b5afbc1a800eeea951b9285d3912613f2603bdf897a4ab0f4bd7f405fc/python_multipart-0.0.20-py3-none-any.whl|8a62d3a8335e06589fe01f2a3e178cdcc632f3fbe0d492ad9ee0ec35aab1f104
pyparsing|pyparsing-3.2.5-py3-none-any.whl|https://files.pythonhosted.org/packages/10/5e/1aa9a93198c6b64513c9d7752de7422c06402de6600a8767da1524f9570b/pyparsing-3.2.5-py3-none-any.whl|e38a4f02064cf41fe6593d328d0512495ad1f3d8a91c4f73fc401b3079a59a5e
starlette|starlette-0.46.2-py3-none-any.whl|https://files.pythonhosted.org/packages/8b/0c/9d30a4ebeb6db2b25a841afbb80f6ef9a854fc3b41be131d249a977b4959/starlette-0.46.2-py3-none-any.whl|595633ce89f8ffa71a015caed34a5b2dc1c0cdb3f0f1fbd1e69339cf2abeec35
typing_extensions|typing_extensions-4.16.0-py3-none-any.whl|https://files.pythonhosted.org/packages/49/d3/b8441a820a491ddfc024b0b0cf0393375b75ea13866d9c66727e54c2fc80/typing_extensions-4.16.0-py3-none-any.whl|481caa481374e813c1b176ada14e97f1f67a4539ce9cfeb3f350d78d6370c2e8
typing-inspection|typing_inspection-0.4.2-py3-none-any.whl|https://files.pythonhosted.org/packages/dc/9b/47798a6c91d8bdb567fe2698fe81e0c6b7cb7ef4d13da4114b41d239f65d/typing_inspection-0.4.2-py3-none-any.whl|4ed1cacbdc298c220f1bd249ed5287caa16f34d44ef4e9c3d0cbad5b521545e7
uvicorn|uvicorn-0.34.0-py3-none-any.whl|https://files.pythonhosted.org/packages/61/14/33a3a1352cfa71812a3a21e8c9bfb83f60b0011f5e36f2b1399d51928209/uvicorn-0.34.0-py3-none-any.whl|023dc038422502fa28a09c7a30bf2b6991512da7dcdb8fd35fe57cfc154126f4
